
Microsoft Visual Studio Solution File, Format Version 12.00
# Visual Studio Version 16
VisualStudioVersion = 16.0.29709.97
MinimumVisualStudioVersion = 10.0.40219.1
Project("{FAE04EC0-301F-11D3-BF4B-00C04F79EFBC}") = "Manipulating_Arrays", "Manipulating_Arrays.csproj", "{9535EB93-4D84-4E36-9B02-520234190D37}"
EndProject
Global
	GlobalSection(SolutionConfigurationPlatforms) = preSolution
		Debug|Any CPU = Debug|Any CPU
		Release|Any CPU = Release|Any CPU
	EndGlobalSection
	GlobalSection(ProjectConfigurationPlatforms) = postSolution
		{9535EB93-4D84-4E36-9B02-520234190D37}.Debug|Any CPU.ActiveCfg = Debug|Any CPU
		{9535EB93-4D84-4E36-9B02-520234190D37}.Debug|Any CPU.Build.0 = Debug|Any CPU
		{9535EB93-4D84-4E36-9B02-520234190D37}.Release|Any CPU.ActiveCfg = Release|Any CPU
		{9535EB93-4D84-4E36-9B02-520234190D37}.Release|Any CPU.Build.0 = Release|Any CPU
	EndGlobalSection
	GlobalSection(SolutionProperties) = preSolution
		HideSolutionNode = FALSE
	EndGlobalSection
	GlobalSection(ExtensibilityGlobals) = postSolution
		SolutionGuid = {2E470043-7796-415E-8808-BC9EE6C0B1C3}
	EndGlobalSection
EndGlobal
